dependencies:
  chalk: 4.1.0
  commander: 7.1.0
  didyoumean: 1.2.1
  inquirer: 8.0.0
  is-git-url: 1.0.0
  ora: 5.3.0
  semver: 7.3.4
  validate-npm-package-name: 3.0.0
lockfileVersion: 5.2
packages:
  /ansi-escapes/4.3.1:
    dependencies:
      type-fest: 0.11.0
    dev: false
    engines:
      node: '>=8'
    resolution:
      integrity: sha1-pcR8xDGB8fOP/XB2g3cA05VSKmE=
      tarball: ansi-escapes/download/ansi-escapes-4.3.1.tgz
  /ansi-regex/5.0.0:
    dev: false
    engines:
      node: '>=8'
    resolution:
      integrity: sha1-OIU59VF5vzkznIGvMKZU1p+Hy3U=
      tarball: ansi-regex/download/ansi-regex-5.0.0.tgz
  /ansi-styles/4.3.0:
    dependencies:
      color-convert: 2.0.1
    dev: false
    engines:
      node: '>=8'
    resolution:
      integrity: sha1-7dgDYornHATIWuegkG7a00tkiTc=
      tarball: ansi-styles/download/ansi-styles-4.3.0.tgz
  /base64-js/1.5.1:
    dev: false
    resolution:
      integrity: sha1-GxtEAWClv3rUC2UPCVljSBkDkwo=
      tarball: base64-js/download/base64-js-1.5.1.tgz
  /bl/4.1.0:
    dependencies:
      buffer: 5.7.1
      inherits: 2.0.4
      readable-stream: 3.6.0
    dev: false
    resolution:
      integrity: sha1-RRU1JkGCvsL7vIOmKrmM8R2fezo=
      tarball: bl/download/bl-4.1.0.tgz
  /buffer/5.7.1:
    dependencies:
      base64-js: 1.5.1
      ieee754: 1.2.1
    dev: false
    resolution:
      integrity: sha1-umLnwTEzBTWCGXFghRqPZI6Z7tA=
      tarball: buffer/download/buffer-5.7.1.tgz?cache=0&sync_timestamp=1606112611197&other_urls=https%3A%2F%2Fregistry.npm.taobao.org%2Fbuffer%2Fdownload%2Fbuffer-5.7.1.tgz
  /builtins/1.0.3:
    dev: false
    resolution:
      integrity: sha1-y5T662HIaWRR2zZTThQi+U8K7og=
      tarball: builtins/download/builtins-1.0.3.tgz
  /chalk/4.1.0:
    dependencies:
      ansi-styles: 4.3.0
      supports-color: 7.2.0
    dev: false
    engines:
      node: '>=10'
    resolution:
      integrity: sha1-ThSHCmGNni7dl92DRf2dncMVZGo=
      tarball: chalk/download/chalk-4.1.0.tgz
  /chardet/0.7.0:
    dev: false
    resolution:
      integrity: sha1-kAlISfCTfy7twkJdDSip5fDLrZ4=
      tarball: chardet/download/chardet-0.7.0.tgz
  /cli-cursor/3.1.0:
    dependencies:
      restore-cursor: 3.1.0
    dev: false
    engines:
      node: '>=8'
    resolution:
      integrity: sha1-JkMFp65JDR0Dvwybp8kl0XU68wc=
      tarball: cli-cursor/download/cli-cursor-3.1.0.tgz
  /cli-spinners/2.5.0:
    dev: false
    engines:
      node: '>=6'
    resolution:
      integrity: sha1-EnY+RyUb+VHLdcIB36WP8byy0Ec=
      tarball: cli-spinners/download/cli-spinners-2.5.0.tgz
  /cli-width/3.0.0:
    dev: false
    engines:
      node: '>= 10'
    resolution:
      integrity: sha1-ovSEN6LKqaIkNueUvwceyeYc7fY=
      tarball: cli-width/download/cli-width-3.0.0.tgz
  /clone/1.0.4:
    dev: false
    engines:
      node: '>=0.8'
    resolution:
      integrity: sha1-2jCcwmPfFZlMaIypAheco8fNfH4=
      tarball: clone/download/clone-1.0.4.tgz
  /color-convert/2.0.1:
    dependencies:
      color-name: 1.1.4
    dev: false
    engines:
      node: '>=7.0.0'
    resolution:
      integrity: sha1-ctOmjVmMm9s68q0ehPIdiWq9TeM=
      tarball: color-convert/download/color-convert-2.0.1.tgz
  /color-name/1.1.4:
    dev: false
    resolution:
      integrity: sha1-wqCah6y95pVD3m9j+jmVyCbFNqI=
      tarball: color-name/download/color-name-1.1.4.tgz
  /commander/7.1.0:
    dev: false
    engines:
      node: '>= 10'
    resolution:
      integrity: sha1-8urs8THxDjbgfYlGmCJuNq4Otf8=
      tarball: commander/download/commander-7.1.0.tgz?cache=0&sync_timestamp=1613397184151&other_urls=https%3A%2F%2Fregistry.npm.taobao.org%2Fcommander%2Fdownload%2Fcommander-7.1.0.tgz
  /defaults/1.0.3:
    dependencies:
      clone: 1.0.4
    dev: false
    resolution:
      integrity: sha1-xlYFHpgX2f8I7YgUd/P+QBnz730=
      tarball: defaults/download/defaults-1.0.3.tgz
  /didyoumean/1.2.1:
    dev: false
    resolution:
      integrity: sha1-6S7f2tplN9SE1zwBcv0eugxJdv8=
      tarball: didyoumean/download/didyoumean-1.2.1.tgz
  /emoji-regex/8.0.0:
    dev: false
    resolution:
      integrity: sha1-6Bj9ac5cz8tARZT4QpY79TFkzDc=
      tarball: emoji-regex/download/emoji-regex-8.0.0.tgz
  /escape-string-regexp/1.0.5:
    dev: false
    engines:
      node: '>=0.8.0'
    resolution:
      integrity: sha1-G2HAViGQqN/2rjuyzwIAyhMLhtQ=
      tarball: escape-string-regexp/download/escape-string-regexp-1.0.5.tgz
  /external-editor/3.1.0:
    dependencies:
      chardet: 0.7.0
      iconv-lite: 0.4.24
      tmp: 0.0.33
    dev: false
    engines:
      node: '>=4'
    resolution:
      integrity: sha1-ywP3QL764D6k0oPK7SdBqD8zVJU=
      tarball: external-editor/download/external-editor-3.1.0.tgz
  /figures/3.2.0:
    dependencies:
      escape-string-regexp: 1.0.5
    dev: false
    engines:
      node: '>=8'
    resolution:
      integrity: sha1-YlwYvSk8YE3EqN2y/r8MiDQXRq8=
      tarball: figures/download/figures-3.2.0.tgz
  /has-flag/4.0.0:
    dev: false
    engines:
      node: '>=8'
    resolution:
      integrity: sha1-lEdx/ZyByBJlxNaUGGDaBrtZR5s=
      tarball: has-flag/download/has-flag-4.0.0.tgz
  /iconv-lite/0.4.24:
    dependencies:
      safer-buffer: 2.1.2
    dev: false
    engines:
      node: '>=0.10.0'
    resolution:
      integrity: sha1-ICK0sl+93CHS9SSXSkdKr+czkIs=
      tarball: iconv-lite/download/iconv-lite-0.4.24.tgz
  /ieee754/1.2.1:
    dev: false
    resolution:
      integrity: sha1-jrehCmP/8l0VpXsAFYbRd9Gw01I=
      tarball: ieee754/download/ieee754-1.2.1.tgz
  /inherits/2.0.4:
    dev: false
    resolution:
      integrity: sha1-D6LGT5MpF8NDOg3tVTY6rjdBa3w=
      tarball: inherits/download/inherits-2.0.4.tgz
  /inquirer/8.0.0:
    dependencies:
      ansi-escapes: 4.3.1
      chalk: 4.1.0
      cli-cursor: 3.1.0
      cli-width: 3.0.0
      external-editor: 3.1.0
      figures: 3.2.0
      lodash: 4.17.21
      mute-stream: 0.0.8
      run-async: 2.4.1
      rxjs: 6.6.6
      string-width: 4.2.2
      strip-ansi: 6.0.0
      through: 2.3.8
    dev: false
    engines:
      node: '>=8.0.0'
    resolution:
      integrity: sha1-lXpG2xq88P3Sq4Let0cOkK/H0Kw=
      tarball: inquirer/download/inquirer-8.0.0.tgz
  /is-fullwidth-code-point/3.0.0:
    dev: false
    engines:
      node: '>=8'
    resolution:
      integrity: sha1-8Rb4Bk/pCz94RKOJl8C3UFEmnx0=
      tarball: is-fullwidth-code-point/download/is-fullwidth-code-point-3.0.0.tgz
  /is-git-url/1.0.0:
    dev: false
    engines:
      node: '>=0.8'
    resolution:
      integrity: sha1-U/aEzRQyhbUsMkS05vKCU1J69ms=
      tarball: is-git-url/download/is-git-url-1.0.0.tgz
  /is-interactive/1.0.0:
    dev: false
    engines:
      node: '>=8'
    resolution:
      integrity: sha1-zqbmrlyHCnsKAAQHC3tYfgJSkS4=
      tarball: is-interactive/download/is-interactive-1.0.0.tgz
  /lodash/4.17.21:
    dev: false
    resolution:
      integrity: sha1-Z5WRxWTDv/quhFTPCz3zcMPWkRw=
      tarball: lodash/download/lodash-4.17.21.tgz
  /log-symbols/4.0.0:
    dependencies:
      chalk: 4.1.0
    dev: false
    engines:
      node: '>=10'
    resolution:
      integrity: sha1-abPMRtIPRI7M23XqH6cz2eghySA=
      tarball: log-symbols/download/log-symbols-4.0.0.tgz
  /lru-cache/6.0.0:
    dependencies:
      yallist: 4.0.0
    dev: false
    engines:
      node: '>=10'
    resolution:
      integrity: sha1-bW/mVw69lqr5D8rR2vo7JWbbOpQ=
      tarball: lru-cache/download/lru-cache-6.0.0.tgz
  /mimic-fn/2.1.0:
    dev: false
    engines:
      node: '>=6'
    resolution:
      integrity: sha1-ftLCzMyvhNP/y3pptXcR/CCDQBs=
      tarball: mimic-fn/download/mimic-fn-2.1.0.tgz
  /mute-stream/0.0.8:
    dev: false
    resolution:
      integrity: sha1-FjDEKyJR/4HiooPelqVJfqkuXg0=
      tarball: mute-stream/download/mute-stream-0.0.8.tgz
  /onetime/5.1.2:
    dependencies:
      mimic-fn: 2.1.0
    dev: false
    engines:
      node: '>=6'
    resolution:
      integrity: sha1-0Oluu1awdHbfHdnEgG5SN5hcpF4=
      tarball: onetime/download/onetime-5.1.2.tgz
  /ora/5.3.0:
    dependencies:
      bl: 4.1.0
      chalk: 4.1.0
      cli-cursor: 3.1.0
      cli-spinners: 2.5.0
      is-interactive: 1.0.0
      log-symbols: 4.0.0
      strip-ansi: 6.0.0
      wcwidth: 1.0.1
    dev: false
    engines:
      node: '>=10'
    resolution:
      integrity: sha1-+4MomdOhNy/nHIssU0u/50lhu28=
      tarball: ora/download/ora-5.3.0.tgz
  /os-tmpdir/1.0.2:
    dev: false
    engines:
      node: '>=0.10.0'
    resolution:
      integrity: sha1-u+Z0BseaqFxc/sdm/lc0VV36EnQ=
      tarball: os-tmpdir/download/os-tmpdir-1.0.2.tgz
  /readable-stream/3.6.0:
    dependencies:
      inherits: 2.0.4
      string_decoder: 1.3.0
      util-deprecate: 1.0.2
    dev: false
    engines:
      node: '>= 6'
    resolution:
      integrity: sha1-M3u9o63AcGvT4CRCaihtS0sskZg=
      tarball: readable-stream/download/readable-stream-3.6.0.tgz
  /restore-cursor/3.1.0:
    dependencies:
      onetime: 5.1.2
      signal-exit: 3.0.3
    dev: false
    engines:
      node: '>=8'
    resolution:
      integrity: sha1-OfZ8VLOnpYzqUjbZXPADQjljH34=
      tarball: restore-cursor/download/restore-cursor-3.1.0.tgz
  /run-async/2.4.1:
    dev: false
    engines:
      node: '>=0.12.0'
    resolution:
      integrity: sha1-hEDsz5nqPnC9QJ1JqriOEMGJpFU=
      tarball: run-async/download/run-async-2.4.1.tgz
  /rxjs/6.6.6:
    dependencies:
      tslib: 1.14.1
    dev: false
    engines:
      npm: '>=2.0.0'
    resolution:
      integrity: sha1-FNhBeqWgfF5jOZW1JeHjwN7AO3A=
      tarball: rxjs/download/rxjs-6.6.6.tgz
  /safe-buffer/5.2.1:
    dev: false
    resolution:
      integrity: sha1-Hq+fqb2x/dTsdfWPnNtOa3gn7sY=
      tarball: safe-buffer/download/safe-buffer-5.2.1.tgz
  /safer-buffer/2.1.2:
    dev: false
    resolution:
      integrity: sha1-RPoWGwGHuVSd2Eu5GAL5vYOFzWo=
      tarball: safer-buffer/download/safer-buffer-2.1.2.tgz
  /semver/7.3.4:
    dependencies:
      lru-cache: 6.0.0
    dev: false
    engines:
      node: '>=10'
    hasBin: true
    resolution:
      integrity: sha1-J6qn0uTKdkUvmNOt0JOnLJQ+3Jc=
      tarball: semver/download/semver-7.3.4.tgz?cache=0&sync_timestamp=1606868608439&other_urls=https%3A%2F%2Fregistry.npm.taobao.org%2Fsemver%2Fdownload%2Fsemver-7.3.4.tgz
  /signal-exit/3.0.3:
    dev: false
    resolution:
      integrity: sha1-oUEMLt2PB3sItOJTyOrPyvBXRhw=
      tarball: signal-exit/download/signal-exit-3.0.3.tgz
  /string-width/4.2.2:
    dependencies:
      emoji-regex: 8.0.0
      is-fullwidth-code-point: 3.0.0
      strip-ansi: 6.0.0
    dev: false
    engines:
      node: '>=8'
    resolution:
      integrity: sha1-2v1PlVmnWFz7pSnGoKT3NIjr1MU=
      tarball: string-width/download/string-width-4.2.2.tgz
  /string_decoder/1.3.0:
    dependencies:
      safe-buffer: 5.2.1
    dev: false
    resolution:
      integrity: sha1-QvEUWUpGzxqOMLCoT1bHjD7awh4=
      tarball: string_decoder/download/string_decoder-1.3.0.tgz
  /strip-ansi/6.0.0:
    dependencies:
      ansi-regex: 5.0.0
    dev: false
    engines:
      node: '>=8'
    resolution:
      integrity: sha1-CxVx3XZpzNTz4G4U7x7tJiJa5TI=
      tarball: strip-ansi/download/strip-ansi-6.0.0.tgz
  /supports-color/7.2.0:
    dependencies:
      has-flag: 4.0.0
    dev: false
    engines:
      node: '>=8'
    resolution:
      integrity: sha1-G33NyzK4E4gBs+R4umpRyqiWSNo=
      tarball: supports-color/download/supports-color-7.2.0.tgz
  /through/2.3.8:
    dev: false
    resolution:
      integrity: sha1-DdTJ/6q8NXlgsbckEV1+Doai4fU=
      tarball: through/download/through-2.3.8.tgz
  /tmp/0.0.33:
    dependencies:
      os-tmpdir: 1.0.2
    dev: false
    engines:
      node: '>=0.6.0'
    resolution:
      integrity: sha1-bTQzWIl2jSGyvNoKonfO07G/rfk=
      tarball: tmp/download/tmp-0.0.33.tgz
  /tslib/1.14.1:
    dev: false
    resolution:
      integrity: sha1-zy04vcNKE0vK8QkcQfZhni9nLQA=
      tarball: tslib/download/tslib-1.14.1.tgz
  /type-fest/0.11.0:
    dev: false
    engines:
      node: '>=8'
    resolution:
      integrity: sha1-l6vwhyMQ/tiKXEZrJWgVdhReM/E=
      tarball: type-fest/download/type-fest-0.11.0.tgz?cache=0&sync_timestamp=1614045759275&other_urls=https%3A%2F%2Fregistry.npm.taobao.org%2Ftype-fest%2Fdownload%2Ftype-fest-0.11.0.tgz
  /util-deprecate/1.0.2:
    dev: false
    resolution:
      integrity: sha1-RQ1Nyfpw3nMnYvvS1KKJgUGaDM8=
      tarball: util-deprecate/download/util-deprecate-1.0.2.tgz
  /validate-npm-package-name/3.0.0:
    dependencies:
      builtins: 1.0.3
    dev: false
    resolution:
      integrity: sha1-X6kS2B630MdK/BQN5zF/DKffQ34=
      tarball: validate-npm-package-name/download/validate-npm-package-name-3.0.0.tgz
  /wcwidth/1.0.1:
    dependencies:
      defaults: 1.0.3
    dev: false
    resolution:
      integrity: sha1-8LDc+RW8X/FSivrbLA4XtTLaL+g=
      tarball: wcwidth/download/wcwidth-1.0.1.tgz
  /yallist/4.0.0:
    dev: false
    resolution:
      integrity: sha1-m7knkNnA7/7GO+c1GeEaNQGaOnI=
      tarball: yallist/download/yallist-4.0.0.tgz
specifiers:
  chalk: ^4.1.0
  commander: ^7.1.0
  didyoumean: ^1.2.1
  inquirer: ^8.0.0
  is-git-url: ^1.0.0
  ora: ^5.3.0
  semver: ^7.3.4
  validate-npm-package-name: ^3.0.0
